PODS:
  - Alamofire (1.3.0)
  - Cube (0.0.1):
    - Alamofire
    - Result
  - Form (HEAD based on 3.4.0):
    - Hex (~> 1.1.1)
    - HYPImagePicker (~> 0.3)
    - HYPMathParser (~> 0.4.0)
    - HYPNorwegianAccountNumber (~> 1.2.1)
    - HYPNorwegianSSN (~> 1.10)
    - ISO8601DateFormatter (~> 0.7)
    - NSDictionary-ANDYSafeValue (~> 0.3)
    - NSDictionary-HYPNestedAttributes (~> 0.4.1)
    - NSJSONSerialization-ANDYJSONFile (~> 1.1)
    - NSObject-HYPTesting (~> 1.2)
    - NSString-HYPContainsString (~> 0.1)
    - NSString-HYPFormula (~> 1.6.1)
    - NSString-HYPRelationshipParser (~> 0.4.1)
    - NSString-HYPWordExtractor (~> 1.1)
    - NSString-ZENInflections (~> 1.2)
    - UIButton-ANDYHighlighted (~> 0.2.1)
    - UIViewController-HYPKeyboardToolbar (~> 0.1)
  - Hex (1.1.1)
  - HYPImagePicker (0.3)
  - HYPMathParser (0.4.0)
  - HYPNorwegianAccountNumber (1.2.1)
  - HYPNorwegianSSN (1.10.1)
  - ISO8601DateFormatter (0.7)
  - KeychainAccess (1.2.1)
  - Keys (1.0.0)
  - MBProgressHUD (0.9.1)
  - MMWormhole (1.1.1):
    - MMWormhole/Core (= 1.1.1)
  - MMWormhole/Core (1.1.1)
  - NSDictionary-ANDYSafeValue (0.3)
  - NSDictionary-HYPNestedAttributes (0.4.1):
    - NSString-HYPRelationshipParser (~> 0.4.1)
  - NSJSONSerialization-ANDYJSONFile (1.1)
  - NSObject-HYPTesting (1.2)
  - NSString-HYPContainsString (0.1)
  - NSString-HYPFormula (1.6.1):
    - NSString-HYPWordExtractor
  - NSString-HYPRelationshipParser (0.4.1)
  - NSString-HYPWordExtractor (1.2)
  - NSString-ZENInflections (1.2)
  - PayPal-iOS-SDK (2.11.2)
  - Result (0.6-beta.1)
  - UIButton-ANDYHighlighted (0.2.1)
  - UIViewController-HYPKeyboardToolbar (0.1)

DEPENDENCIES:
  - Alamofire (from `https://github.com/neonichu/Alamofire.git`, branch `swift-2.0`)
  - Cube (from `https://github.com/contentful-labs/Cube.git`, branch `swift-2.0`)
  - Form (HEAD)
  - KeychainAccess (from `https://github.com/kishikawakatsumi/KeychainAccess.git`,
    branch `swift-2.0`)
  - Keys (from `Pods/CocoaPodsKeys`)
  - MBProgressHUD
  - MMWormhole
  - PayPal-iOS-SDK
  - Result (>= 0.6-beta.1)

EXTERNAL SOURCES:
  Alamofire:
    :branch: swift-2.0
    :git: https://github.com/neonichu/Alamofire.git
  Cube:
    :branch: swift-2.0
    :git: https://github.com/contentful-labs/Cube.git
  KeychainAccess:
    :branch: swift-2.0
    :git: https://github.com/kishikawakatsumi/KeychainAccess.git
  Keys:
    :path: Pods/CocoaPodsKeys

CHECKOUT OPTIONS:
  Alamofire:
    :commit: 1b7b1f1aa4243004369c9e741d08ff4cdb072470
    :git: https://github.com/neonichu/Alamofire.git
  Cube:
    :commit: bd11819e06540ad1c231ba89ae0431bdcc46cc84
    :git: https://github.com/contentful-labs/Cube.git
  KeychainAccess:
    :commit: 7879a49b81c553ad9b40cbafda34a881648e2ff3
    :git: https://github.com/kishikawakatsumi/KeychainAccess.git

SPEC CHECKSUMS:
  Alamofire: e57db85401895fda01783b3b9bda5b32d9f347ff
  Cube: 30b26e85269bbf7c0984f1933875fc094a5a3949
  Form: 95b18c872ca40ecdadbde38ebded2cd41c50b520
  Hex: acf6d0dc34658d3d44047a992bfd09190c87e6e7
  HYPImagePicker: 5c6e463ec15ae6b647355eb11f3f310342616fbf
  HYPMathParser: 234475b2d424fc9cc5a17bd2fef7b73e1c03dfd3
  HYPNorwegianAccountNumber: b0062d7419d217123dff0ef04f1931ed5f1e3bbf
  HYPNorwegianSSN: 75e8b512f5a7be80dad61c3ba26494a5459a5b7a
  ISO8601DateFormatter: ab926648eebe497f4d167c0fd083992f959f1274
  KeychainAccess: 2ffa8b1b7130263bb7fe90b359d778696fc2d8ce
  Keys: 7d2ff6ff42f6903358267ce56e9392f83c31acfe
  MBProgressHUD: c47f2c166c126cf2ce36498d80f33e754d4e93ad
  MMWormhole: 941cd168b4afd6073f883b82944d6eded4e00203
  NSDictionary-ANDYSafeValue: c15ff39a6b1b82a52ea277c64520c7b574715afc
  NSDictionary-HYPNestedAttributes: 783d3adcf9f8e9a554004ee225f1bc0cdf0cfdfe
  NSJSONSerialization-ANDYJSONFile: 4a92ca174d5ccde13015e853e9eb62440459b478
  NSObject-HYPTesting: fadde70c75061b731b313c390e20777aed0a914d
  NSString-HYPContainsString: a8147bbb90b9aca02f69d12546b4d2938a5d01dc
  NSString-HYPFormula: 0d0ecc4725efdcfc74e079364aa5c2014c18f9ec
  NSString-HYPRelationshipParser: 7fa231131e408f26b3b72a41157aa6620a195b4d
  NSString-HYPWordExtractor: 7484da8d2d23e41b24b0bdb218293ab349f9f650
  NSString-ZENInflections: 35ae6d02981b1def07bd6dc8e6455e827453bc29
  PayPal-iOS-SDK: abce7af48a766d73604726e0de78e9ac248eeb7b
  Result: af24e3e57ab81005ec4221a53fd36dc1e7a52869
  UIButton-ANDYHighlighted: 3f5e9fb68fb3425bd9fddc030af452d3ac9d1613
  UIViewController-HYPKeyboardToolbar: d5cb85447caeaf9e0e7ed575ce3b1576c7d53dd8

COCOAPODS: 0.38.2
